
Microsoft Visual Studio Solution File, Format Version 12.00
# Visual Studio Version 16
VisualStudioVersion = 16.0.30104.148
MinimumVisualStudioVersion = 10.0.40219.1
Project("{FAE04EC0-301F-11D3-BF4B-00C04F79EFBC}") = "TestAssignment.BL.Abstraction", "TestAssignment.BL.Abstraction\TestAssignment.BL.Abstraction.csproj", "{B94E8961-B698-4F3C-951A-CBA14976AE74}"
EndProject
Project("{FAE04EC0-301F-11D3-BF4B-00C04F79EFBC}") = "TestAssignment.BL.Tests", "TestAssignment.BL.Tests\TestAssignment.BL.Tests.csproj", "{60FE99A2-57BC-4226-8E72-0B413DE5B8F2}"
EndProject
Project("{FAE04EC0-301F-11D3-BF4B-00C04F79EFBC}") = "TestAssignment.BL.Impl", "TestAssignment.BL.Impl\TestAssignment.BL.Impl.csproj", "{B0C46084-851C-4F4E-968E-D21EB0EF9BC3}"
EndProject
Global
	GlobalSection(SolutionConfigurationPlatforms) = preSolution
		Debug|Any CPU = Debug|Any CPU
		Release|Any CPU = Release|Any CPU
	EndGlobalSection
	GlobalSection(ProjectConfigurationPlatforms) = postSolution
		{B94E8961-B698-4F3C-951A-CBA14976AE74}.Debug|Any CPU.ActiveCfg = Debug|Any CPU
		{B94E8961-B698-4F3C-951A-CBA14976AE74}.Debug|Any CPU.Build.0 = Debug|Any CPU
		{B94E8961-B698-4F3C-951A-CBA14976AE74}.Release|Any CPU.ActiveCfg = Release|Any CPU
		{B94E8961-B698-4F3C-951A-CBA14976AE74}.Release|Any CPU.Build.0 = Release|Any CPU
		{60FE99A2-57BC-4226-8E72-0B413DE5B8F2}.Debug|Any CPU.ActiveCfg = Debug|Any CPU
		{60FE99A2-57BC-4226-8E72-0B413DE5B8F2}.Debug|Any CPU.Build.0 = Debug|Any CPU
		{60FE99A2-57BC-4226-8E72-0B413DE5B8F2}.Release|Any CPU.ActiveCfg = Release|Any CPU
		{60FE99A2-57BC-4226-8E72-0B413DE5B8F2}.Release|Any CPU.Build.0 = Release|Any CPU
		{B0C46084-851C-4F4E-968E-D21EB0EF9BC3}.Debug|Any CPU.ActiveCfg = Debug|Any CPU
		{B0C46084-851C-4F4E-968E-D21EB0EF9BC3}.Debug|Any CPU.Build.0 = Debug|Any CPU
		{B0C46084-851C-4F4E-968E-D21EB0EF9BC3}.Release|Any CPU.ActiveCfg = Release|Any CPU
		{B0C46084-851C-4F4E-968E-D21EB0EF9BC3}.Release|Any CPU.Build.0 = Release|Any CPU
	EndGlobalSection
	GlobalSection(SolutionProperties) = preSolution
		HideSolutionNode = FALSE
	EndGlobalSection
	GlobalSection(ExtensibilityGlobals) = postSolution
		SolutionGuid = {E08569AB-304A-4CCA-942F-22D06D983583}
	EndGlobalSection
EndGlobal
